
Microsoft Visual Studio Solution File, Format Version 12.00
# Visual Studio 15
VisualStudioVersion = 15.0.28307.1705
MinimumVisualStudioVersion = 10.0.40219.1
Project("{FAE04EC0-301F-11D3-BF4B-00C04F79EFBC}") = "Simple.Console.Application_1", "Simple.Console.Application_1\Simple.Console.Application_1.csproj", "{CAEEF2AA-328D-4FA9-BC05-6D2D3412C452}"
EndProject
Global
	GlobalSection(SolutionConfigurationPlatforms) = preSolution
		Debug|Any CPU = Debug|Any CPU
		Release|Any CPU = Release|Any CPU
	EndGlobalSection
	GlobalSection(ProjectConfigurationPlatforms) = postSolution
		{CAEEF2AA-328D-4FA9-BC05-6D2D3412C452}.Debug|Any CPU.ActiveCfg = Debug|Any CPU
		{CAEEF2AA-328D-4FA9-BC05-6D2D3412C452}.Debug|Any CPU.Build.0 = Debug|Any CPU
		{CAEEF2AA-328D-4FA9-BC05-6D2D3412C452}.Release|Any CPU.ActiveCfg = Release|Any CPU
		{CAEEF2AA-328D-4FA9-BC05-6D2D3412C452}.Release|Any CPU.Build.0 = Release|Any CPU
	EndGlobalSection
	GlobalSection(SolutionProperties) = preSolution
		HideSolutionNode = FALSE
	EndGlobalSection
	GlobalSection(ExtensibilityGlobals) = postSolution
		SolutionGuid = {5F98BD6A-3CDB-4ABD-9CB4-67467AC3CCA7}
	EndGlobalSection
EndGlobal
